// !$*UTF8*$!
{
	archiveVersion = 1;
	classes = {
	};
	objectVersion = 56;
	objects = {

/* Begin PBXBuildFile section */
		361CBC852BB1548A00F7A877 /* TabBarViewController.swift in Sources */ = {isa = PBXBuildFile; fileRef = 361CBC842BB1548A00F7A877 /* TabBarViewController.swift */; };
		36626E0C2BAD486E0063B38D /* HomeLoginViewController.swift in Sources */ = {isa = PBXBuildFile; fileRef = 36626E0B2BAD486E0063B38D /* HomeLoginViewController.swift */; };
		36626E0E2BAD58000063B38D /* EventsLoginViewController.swift in Sources */ = {isa = PBXBuildFile; fileRef = 36626E0D2BAD58000063B38D /* EventsLoginViewController.swift */; };
		36626E102BAD58B10063B38D /* InfoLoginViewController.swift in Sources */ = {isa = PBXBuildFile; fileRef = 36626E0F2BAD58B10063B38D /* InfoLoginViewController.swift */; };
		36626E122BAD66F70063B38D /* AddStudentsViewController.swift in Sources */ = {isa = PBXBuildFile; fileRef = 36626E112BAD66F70063B38D /* AddStudentsViewController.swift */; };
		36626E142BAD69B10063B38D /* AddStudentsTableViewCell.swift in Sources */ = {isa = PBXBuildFile; fileRef = 36626E132BAD69B10063B38D /* AddStudentsTableViewCell.swift */; };
		36A3E0A02BA7F08400CCDA76 /* RegisterNewSchoolViewController.swift in Sources */ = {isa = PBXBuildFile; fileRef = 36A3E09F2BA7F08400CCDA76 /* RegisterNewSchoolViewController.swift */; };
		36A3E0A22BA7F2A000CCDA76 /* RegisterNewSchoolTableViewCell.swift in Sources */ = {isa = PBXBuildFile; fileRef = 36A3E0A12BA7F2A000CCDA76 /* RegisterNewSchoolTableViewCell.swift */; };
		36A8A7452BA74029009D2807 /* AppDelegate.swift in Sources */ = {isa = PBXBuildFile; fileRef = 36A8A7442BA74029009D2807 /* AppDelegate.swift */; };
		36A8A7472BA74029009D2807 /* SceneDelegate.swift in Sources */ = {isa = PBXBuildFile; fileRef = 36A8A7462BA74029009D2807 /* SceneDelegate.swift */; };
		36A8A7492BA74029009D2807 /* OnboardViewController.swift in Sources */ = {isa = PBXBuildFile; fileRef = 36A8A7482BA74029009D2807 /* OnboardViewController.swift */; };
		36A8A74C2BA74029009D2807 /* Main.storyboard in Resources */ = {isa = PBXBuildFile; fileRef = 36A8A74A2BA74029009D2807 /* Main.storyboard */; };
		36A8A74F2BA74029009D2807 /* Student_Details_App.xcdatamodeld in Sources */ = {isa = PBXBuildFile; fileRef = 36A8A74D2BA74029009D2807 /* Student_Details_App.xcdatamodeld */; };
		36A8A7512BA7402B009D2807 /* Assets.xcassets in Resources */ = {isa = PBXBuildFile; fileRef = 36A8A7502BA7402B009D2807 /* Assets.xcassets */; };
		36A8A7542BA7402B009D2807 /* LaunchScreen.storyboard in Resources */ = {isa = PBXBuildFile; fileRef = 36A8A7522BA7402B009D2807 /* LaunchScreen.storyboard */; };
		36A8A75C2BA746A7009D2807 /* SchoolLogInViewController.swift in Sources */ = {isa = PBXBuildFile; fileRef = 36A8A75B2BA746A7009D2807 /* SchoolLogInViewController.swift */; };
		36A8A75E2BA749E4009D2807 /* SchoolLoginTableViewCell.swift in Sources */ = {isa = PBXBuildFile; fileRef = 36A8A75D2BA749E4009D2807 /* SchoolLoginTableViewCell.swift */; };
/* End PBXBuildFile section */

/* Begin PBXFileReference section */
		361CBC842BB1548A00F7A877 /* TabBarViewController.swift */ = {isa = PBXFileReference; lastKnownFileType = sourcecode.swift; path = TabBarViewController.swift; sourceTree = "<group>"; };
		36626E0B2BAD486E0063B38D /* HomeLoginViewController.swift */ = {isa = PBXFileReference; lastKnownFileType = sourcecode.swift; path = HomeLoginViewController.swift; sourceTree = "<group>"; };
		36626E0D2BAD58000063B38D /* EventsLoginViewController.swift */ = {isa = PBXFileReference; lastKnownFileType = sourcecode.swift; path = EventsLoginViewController.swift; sourceTree = "<group>"; };
		36626E0F2BAD58B10063B38D /* InfoLoginViewController.swift */ = {isa = PBXFileReference; lastKnownFileType = sourcecode.swift; path = InfoLoginViewController.swift; sourceTree = "<group>"; };
		36626E112BAD66F70063B38D /* AddStudentsViewController.swift */ = {isa = PBXFileReference; lastKnownFileType = sourcecode.swift; path = AddStudentsViewController.swift; sourceTree = "<group>"; };
		36626E132BAD69B10063B38D /* AddStudentsTableViewCell.swift */ = {isa = PBXFileReference; lastKnownFileType = sourcecode.swift; path = AddStudentsTableViewCell.swift; sourceTree = "<group>"; };
		36A3E09F2BA7F08400CCDA76 /* RegisterNewSchoolViewController.swift */ = {isa = PBXFileReference; lastKnownFileType = sourcecode.swift; path = RegisterNewSchoolViewController.swift; sourceTree = "<group>"; };
		36A3E0A12BA7F2A000CCDA76 /* RegisterNewSchoolTableViewCell.swift */ = {isa = PBXFileReference; lastKnownFileType = sourcecode.swift; path = RegisterNewSchoolTableViewCell.swift; sourceTree = "<group>"; };
		36A8A7412BA74029009D2807 /* Student-Details-App.app */ = {isa = PBXFileReference; explicitFileType = wrapper.application; includeInIndex = 0; path = "Student-Details-App.app"; sourceTree = BUILT_PRODUCTS_DIR; };
		36A8A7442BA74029009D2807 /* AppDelegate.swift */ = {isa = PBXFileReference; lastKnownFileType = sourcecode.swift; path = AppDelegate.swift; sourceTree = "<group>"; };
		36A8A7462BA74029009D2807 /* SceneDelegate.swift */ = {isa = PBXFileReference; lastKnownFileType = sourcecode.swift; path = SceneDelegate.swift; sourceTree = "<group>"; };
		36A8A7482BA74029009D2807 /* OnboardViewController.swift */ = {isa = PBXFileReference; lastKnownFileType = sourcecode.swift; path = OnboardViewController.swift; sourceTree = "<group>"; };
		36A8A74B2BA74029009D2807 /* Base */ = {isa = PBXFileReference; lastKnownFileType = file.storyboard; name = Base; path = Base.lproj/Main.storyboard; sourceTree = "<group>"; };
		36A8A74E2BA74029009D2807 /* Student_Details_App.xcdatamodel */ = {isa = PBXFileReference; lastKnownFileType = wrapper.xcdatamodel; path = Student_Details_App.xcdatamodel; sourceTree = "<group>"; };
		36A8A7502BA7402B009D2807 /* Assets.xcassets */ = {isa = PBXFileReference; lastKnownFileType = folder.assetcatalog; path = Assets.xcassets; sourceTree = "<group>"; };
		36A8A7532BA7402B009D2807 /* Base */ = {isa = PBXFileReference; lastKnownFileType = file.storyboard; name = Base; path = Base.lproj/LaunchScreen.storyboard; sourceTree = "<group>"; };
		36A8A7552BA7402B009D2807 /* Info.plist */ = {isa = PBXFileReference; lastKnownFileType = text.plist.xml; path = Info.plist; sourceTree = "<group>"; };
		36A8A75B2BA746A7009D2807 /* SchoolLogInViewController.swift */ = {isa = PBXFileReference; lastKnownFileType = sourcecode.swift; path = SchoolLogInViewController.swift; sourceTree = "<group>"; };
		36A8A75D2BA749E4009D2807 /* SchoolLoginTableViewCell.swift */ = {isa = PBXFileReference; lastKnownFileType = sourcecode.swift; path = SchoolLoginTableViewCell.swift; sourceTree = "<group>"; };
/* End PBXFileReference section */

/* Begin PBXFrameworksBuildPhase section */
		36A8A73E2BA74029009D2807 /* Frameworks */ = {
			isa = PBXFrameworksBuildPhase;
			buildActionMask = 2147483647;
			files = (
			);
			runOnlyForDeploymentPostprocessing = 0;
		};
/* End PBXFrameworksBuildPhase section */

/* Begin PBXGroup section */
		36A8A7382BA74029009D2807 = {
			isa = PBXGroup;
			children = (
				36A8A7432BA74029009D2807 /* Student-Details-App */,
				36A8A7422BA74029009D2807 /* Products */,
			);
			sourceTree = "<group>";
		};
		36A8A7422BA74029009D2807 /* Products */ = {
			isa = PBXGroup;
			children = (
				36A8A7412BA74029009D2807 /* Student-Details-App.app */,
			);
			name = Products;
			sourceTree = "<group>";
		};
		36A8A7432BA74029009D2807 /* Student-Details-App */ = {
			isa = PBXGroup;
			children = (
				36A8A7442BA74029009D2807 /* AppDelegate.swift */,
				36A8A7462BA74029009D2807 /* SceneDelegate.swift */,
				36A8A7482BA74029009D2807 /* OnboardViewController.swift */,
				36A8A74A2BA74029009D2807 /* Main.storyboard */,
				361CBC842BB1548A00F7A877 /* TabBarViewController.swift */,
				36626E112BAD66F70063B38D /* AddStudentsViewController.swift */,
				36626E132BAD69B10063B38D /* AddStudentsTableViewCell.swift */,
				36626E0F2BAD58B10063B38D /* InfoLoginViewController.swift */,
				36626E0D2BAD58000063B38D /* EventsLoginViewController.swift */,
				36626E0B2BAD486E0063B38D /* HomeLoginViewController.swift */,
				36A3E0A12BA7F2A000CCDA76 /* RegisterNewSchoolTableViewCell.swift */,
				36A3E09F2BA7F08400CCDA76 /* RegisterNewSchoolViewController.swift */,
				36A8A75D2BA749E4009D2807 /* SchoolLoginTableViewCell.swift */,
				36A8A75B2BA746A7009D2807 /* SchoolLogInViewController.swift */,
				36A8A7502BA7402B009D2807 /* Assets.xcassets */,
				36A8A7522BA7402B009D2807 /* LaunchScreen.storyboard */,
				36A8A7552BA7402B009D2807 /* Info.plist */,
				36A8A74D2BA74029009D2807 /* Student_Details_App.xcdatamodeld */,
			);
			path = "Student-Details-App";
			sourceTree = "<group>";
		};
/* End PBXGroup section */

/* Begin PBXNativeTarget section */
		36A8A7402BA74029009D2807 /* Student-Details-App */ = {
			isa = PBXNativeTarget;
			buildConfigurationList = 36A8A7582BA7402B009D2807 /* Build configuration list for PBXNativeTarget "Student-Details-App" */;
			buildPhases = (
				36A8A73D2BA74029009D2807 /* Sources */,
				36A8A73E2BA74029009D2807 /* Frameworks */,
				36A8A73F2BA74029009D2807 /* Resources */,
			);
			buildRules = (
			);
			dependencies = (
			);
			name = "Student-Details-App";
			productName = "Student-Details-App";
			productReference = 36A8A7412BA74029009D2807 /* Student-Details-App.app */;
			productType = "com.apple.product-type.application";
		};
/* End PBXNativeTarget section */

/* Begin PBXProject section */
		36A8A7392BA74029009D2807 /* Project object */ = {
			isa = PBXProject;
			attributes = {
				BuildIndependentTargetsInParallel = 1;
				LastSwiftUpdateCheck = 1430;
				LastUpgradeCheck = 1430;
				TargetAttributes = {
					36A8A7402BA74029009D2807 = {
						CreatedOnToolsVersion = 14.3.1;
					};
				};
			};
			buildConfigurationList = 36A8A73C2BA74029009D2807 /* Build configuration list for PBXProject "Student-Details-App" */;
			compatibilityVersion = "Xcode 14.0";
			developmentRegion = en;
			hasScannedForEncodings = 0;
			knownRegions = (
				en,
				Base,
			);
			mainGroup = 36A8A7382BA74029009D2807;
			productRefGroup = 36A8A7422BA74029009D2807 /* Products */;
			projectDirPath = "";
			projectRoot = "";
			targets = (
				36A8A7402BA74029009D2807 /* Student-Details-App */,
			);
		};
/* End PBXProject section */

/* Begin PBXResourcesBuildPhase section */
		36A8A73F2BA74029009D2807 /* Resources */ = {
			isa = PBXResourcesBuildPhase;
			buildActionMask = 2147483647;
			files = (
				36A8A7542BA7402B009D2807 /* LaunchScreen.storyboard in Resources */,
				36A8A7512BA7402B009D2807 /* Assets.xcassets in Resources */,
				36A8A74C2BA74029009D2807 /* Main.storyboard in Resources */,
			);
			runOnlyForDeploymentPostprocessing = 0;
		};
/* End PBXResourcesBuildPhase section */

/* Begin PBXSourcesBuildPhase section */
		36A8A73D2BA74029009D2807 /* Sources */ = {
			isa = PBXSourcesBuildPhase;
			buildActionMask = 2147483647;
			files = (
				36626E122BAD66F70063B38D /* AddStudentsViewController.swift in Sources */,
				36A8A74F2BA74029009D2807 /* Student_Details_App.xcdatamodeld in Sources */,
				36626E102BAD58B10063B38D /* InfoLoginViewController.swift in Sources */,
				36A3E0A22BA7F2A000CCDA76 /* RegisterNewSchoolTableViewCell.swift in Sources */,
				361CBC852BB1548A00F7A877 /* TabBarViewController.swift in Sources */,
				36A3E0A02BA7F08400CCDA76 /* RegisterNewSchoolViewController.swift in Sources */,
				36626E0C2BAD486E0063B38D /* HomeLoginViewController.swift in Sources */,
				36A8A7492BA74029009D2807 /* OnboardViewController.swift in Sources */,
				36626E0E2BAD58000063B38D /* EventsLoginViewController.swift in Sources */,
				36626E142BAD69B10063B38D /* AddStudentsTableViewCell.swift in Sources */,
				36A8A7452BA74029009D2807 /* AppDelegate.swift in Sources */,
				36A8A75E2BA749E4009D2807 /* SchoolLoginTableViewCell.swift in Sources */,
				36A8A7472BA74029009D2807 /* SceneDelegate.swift in Sources */,
				36A8A75C2BA746A7009D2807 /* SchoolLogInViewController.swift in Sources */,
			);
			runOnlyForDeploymentPostprocessing = 0;
		};
/* End PBXSourcesBuildPhase section */

/* Begin PBXVariantGroup section */
		36A8A74A2BA74029009D2807 /* Main.storyboard */ = {
			isa = PBXVariantGroup;
			children = (
				36A8A74B2BA74029009D2807 /* Base */,
			);
			name = Main.storyboard;
			sourceTree = "<group>";
		};
		36A8A7522BA7402B009D2807 /* LaunchScreen.storyboard */ = {
			isa = PBXVariantGroup;
			children = (
				36A8A7532BA7402B009D2807 /* Base */,
			);
			name = LaunchScreen.storyboard;
			sourceTree = "<group>";
		};
/* End PBXVariantGroup section */

/* Begin XCBuildConfiguration section */
		36A8A7562BA7402B009D2807 /* Debug */ = {
			isa = XCBuildConfiguration;
			buildSettings = {
				ALWAYS_SEARCH_USER_PATHS = NO;
				CLANG_ANALYZER_NONNULL = YES;
				CLANG_ANALYZER_NUMBER_OBJECT_CONVERSION = YES_AGGRESSIVE;
				CLANG_CXX_LANGUAGE_STANDARD = "gnu++20";
				CLANG_ENABLE_MODULES = YES;
				CLANG_ENABLE_OBJC_ARC = YES;
				CLANG_ENABLE_OBJC_WEAK = YES;
				CLANG_WARN_BLOCK_CAPTURE_AUTORELEASING = YES;
				CLANG_WARN_BOOL_CONVERSION = YES;
				CLANG_WARN_COMMA = YES;
				CLANG_WARN_CONSTANT_CONVERSION = YES;
				CLANG_WARN_DEPRECATED_OBJC_IMPLEMENTATIONS = YES;
				CLANG_WARN_DIRECT_OBJC_ISA_USAGE = YES_ERROR;
				CLANG_WARN_DOCUMENTATION_COMMENTS = YES;
				CLANG_WARN_EMPTY_BODY = YES;
				CLANG_WARN_ENUM_CONVERSION = YES;
				CLANG_WARN_INFINITE_RECURSION = YES;
				CLANG_WARN_INT_CONVERSION = YES;
				CLANG_WARN_NON_LITERAL_NULL_CONVERSION = YES;
				CLANG_WARN_OBJC_IMPLICIT_RETAIN_SELF = YES;
				CLANG_WARN_OBJC_LITERAL_CONVERSION = YES;
				CLANG_WARN_OBJC_ROOT_CLASS = YES_ERROR;
				CLANG_WARN_QUOTED_INCLUDE_IN_FRAMEWORK_HEADER = YES;
				CLANG_WARN_RANGE_LOOP_ANALYSIS = YES;
				CLANG_WARN_STRICT_PROTOTYPES = YES;
				CLANG_WARN_SUSPICIOUS_MOVE = YES;
				CLANG_WARN_UNGUARDED_AVAILABILITY = YES_AGGRESSIVE;
				CLANG_WARN_UNREACHABLE_CODE = YES;
				CLANG_WARN__DUPLICATE_METHOD_MATCH = YES;
				COPY_PHASE_STRIP = NO;
				DEBUG_INFORMATION_FORMAT = dwarf;
				ENABLE_STRICT_OBJC_MSGSEND = YES;
				ENABLE_TESTABILITY = YES;
				GCC_C_LANGUAGE_STANDARD = gnu11;
				GCC_DYNAMIC_NO_PIC = NO;
				GCC_NO_COMMON_BLOCKS = YES;
				GCC_OPTIMIZATION_LEVEL = 0;
				GCC_PREPROCESSOR_DEFINITIONS = (
					"DEBUG=1",
					"$(inherited)",
				);
				GCC_WARN_64_TO_32_BIT_CONVERSION = YES;
				GCC_WARN_ABOUT_RETURN_TYPE = YES_ERROR;
				GCC_WARN_UNDECLARED_SELECTOR = YES;
				GCC_WARN_UNINITIALIZED_AUTOS = YES_AGGRESSIVE;
				GCC_WARN_UNUSED_FUNCTION = YES;
				GCC_WARN_UNUSED_VARIABLE = YES;
				IPHONEOS_DEPLOYMENT_TARGET = 16.4;
				MTL_ENABLE_DEBUG_INFO = INCLUDE_SOURCE;
				MTL_FAST_MATH = YES;
				ONLY_ACTIVE_ARCH = YES;
				SDKROOT = iphoneos;
				SWIFT_ACTIVE_COMPILATION_CONDITIONS = DEBUG;
				SWIFT_OPTIMIZATION_LEVEL = "-Onone";
			};
			name = Debug;
		};
		36A8A7572BA7402B009D2807 /* Release */ = {
			isa = XCBuildConfiguration;
			buildSettings = {
				ALWAYS_SEARCH_USER_PATHS = NO;
				CLANG_ANALYZER_NONNULL = YES;
				CLANG_ANALYZER_NUMBER_OBJECT_CONVERSION = YES_AGGRESSIVE;
				CLANG_CXX_LANGUAGE_STANDARD = "gnu++20";
				CLANG_ENABLE_MODULES = YES;
				CLANG_ENABLE_OBJC_ARC = YES;
				CLANG_ENABLE_OBJC_WEAK = YES;
				CLANG_WARN_BLOCK_CAPTURE_AUTORELEASING = YES;
				CLANG_WARN_BOOL_CONVERSION = YES;
				CLANG_WARN_COMMA = YES;
				CLANG_WARN_CONSTANT_CONVERSION = YES;
				CLANG_WARN_DEPRECATED_OBJC_IMPLEMENTATIONS = YES;
				CLANG_WARN_DIRECT_OBJC_ISA_USAGE = YES_ERROR;
				CLANG_WARN_DOCUMENTATION_COMMENTS = YES;
				CLANG_WARN_EMPTY_BODY = YES;
				CLANG_WARN_ENUM_CONVERSION = YES;
				CLANG_WARN_INFINITE_RECURSION = YES;
				CLANG_WARN_INT_CONVERSION = YES;
				CLANG_WARN_NON_LITERAL_NULL_CONVERSION = YES;
				CLANG_WARN_OBJC_IMPLICIT_RETAIN_SELF = YES;
				CLANG_WARN_OBJC_LITERAL_CONVERSION = YES;
				CLANG_WARN_OBJC_ROOT_CLASS = YES_ERROR;
				CLANG_WARN_QUOTED_INCLUDE_IN_FRAMEWORK_HEADER = YES;
				CLANG_WARN_RANGE_LOOP_ANALYSIS = YES;
				CLANG_WARN_STRICT_PROTOTYPES = YES;
				CLANG_WARN_SUSPICIOUS_MOVE = YES;
				CLANG_WARN_UNGUARDED_AVAILABILITY = YES_AGGRESSIVE;
				CLANG_WARN_UNREACHABLE_CODE = YES;
				CLANG_WARN__DUPLICATE_METHOD_MATCH = YES;
				COPY_PHASE_STRIP = NO;
				DEBUG_INFORMATION_FORMAT = "dwarf-with-dsym";
				ENABLE_NS_ASSERTIONS = NO;
				ENABLE_STRICT_OBJC_MSGSEND = YES;
				GCC_C_LANGUAGE_STANDARD = gnu11;
				GCC_NO_COMMON_BLOCKS = YES;
				GCC_WARN_64_TO_32_BIT_CONVERSION = YES;
				GCC_WARN_ABOUT_RETURN_TYPE = YES_ERROR;
				GCC_WARN_UNDECLARED_SELECTOR = YES;
				GCC_WARN_UNINITIALIZED_AUTOS = YES_AGGRESSIVE;
				GCC_WARN_UNUSED_FUNCTION = YES;
				GCC_WARN_UNUSED_VARIABLE = YES;
				IPHONEOS_DEPLOYMENT_TARGET = 16.4;
				MTL_ENABLE_DEBUG_INFO = NO;
				MTL_FAST_MATH = YES;
				SDKROOT = iphoneos;
				SWIFT_COMPILATION_MODE = wholemodule;
				SWIFT_OPTIMIZATION_LEVEL = "-O";
				VALIDATE_PRODUCT = YES;
			};
			name = Release;
		};
		36A8A7592BA7402B009D2807 /* Debug */ = {
			isa = XCBuildConfiguration;
			buildSettings = {
				ASSETCATALOG_COMPILER_APPICON_NAME = AppIcon;
				ASSETCATALOG_COMPILER_GLOBAL_ACCENT_COLOR_NAME = AccentColor;
				CODE_SIGN_STYLE = Automatic;
				CURRENT_PROJECT_VERSION = 1;
				DEVELOPMENT_TEAM = LRAYHCZPKF;
				GENERATE_INFOPLIST_FILE = YES;
				INFOPLIST_FILE = "Student-Details-App/Info.plist";
				INFOPLIST_KEY_UIApplicationSupportsIndirectInputEvents = YES;
				INFOPLIST_KEY_UILaunchStoryboardName = LaunchScreen;
				INFOPLIST_KEY_UIMainStoryboardFile = Main;
				INFOPLIST_KEY_UISupportedInterfaceOrientations_iPad = "UIInterfaceOrientationPortrait UIInterfaceOrientationPortraitUpsideDown UIInterfaceOrientationLandscapeLeft UIInterfaceOrientationLandscapeRight";
				INFOPLIST_KEY_UISupportedInterfaceOrientations_iPhone = "UIInterfaceOrientationPortrait UIInterfaceOrientationLandscapeLeft UIInterfaceOrientationLandscapeRight";
				LD_RUNPATH_SEARCH_PATHS = (
					"$(inherited)",
					"@executable_path/Frameworks",
				);
				MARKETING_VERSION = 1.0;
				PRODUCT_BUNDLE_IDENTIFIER = "com.supraja.Student-Details-App";
				PRODUCT_NAME = "$(TARGET_NAME)";
				SWIFT_EMIT_LOC_STRINGS = YES;
				SWIFT_VERSION = 5.0;
				TARGETED_DEVICE_FAMILY = "1,2";
			};
			name = Debug;
		};
		36A8A75A2BA7402B009D2807 /* Release */ = {
			isa = XCBuildConfiguration;
			buildSettings = {
				ASSETCATALOG_COMPILER_APPICON_NAME = AppIcon;
				ASSETCATALOG_COMPILER_GLOBAL_ACCENT_COLOR_NAME = AccentColor;
				CODE_SIGN_STYLE = Automatic;
				CURRENT_PROJECT_VERSION = 1;
				DEVELOPMENT_TEAM = LRAYHCZPKF;
				GENERATE_INFOPLIST_FILE = YES;
				INFOPLIST_FILE = "Student-Details-App/Info.plist";
				INFOPLIST_KEY_UIApplicationSupportsIndirectInputEvents = YES;
				INFOPLIST_KEY_UILaunchStoryboardName = LaunchScreen;
				INFOPLIST_KEY_UIMainStoryboardFile = Main;
				INFOPLIST_KEY_UISupportedInterfaceOrientations_iPad = "UIInterfaceOrientationPortrait UIInterfaceOrientationPortraitUpsideDown UIInterfaceOrientationLandscapeLeft UIInterfaceOrientationLandscapeRight";
				INFOPLIST_KEY_UISupportedInterfaceOrientations_iPhone = "UIInterfaceOrientationPortrait UIInterfaceOrientationLandscapeLeft UIInterfaceOrientationLandscapeRight";
				LD_RUNPATH_SEARCH_PATHS = (
					"$(inherited)",
					"@executable_path/Frameworks",
				);
				MARKETING_VERSION = 1.0;
				PRODUCT_BUNDLE_IDENTIFIER = "com.supraja.Student-Details-App";
				PRODUCT_NAME = "$(TARGET_NAME)";
				SWIFT_EMIT_LOC_STRINGS = YES;
				SWIFT_VERSION = 5.0;
				TARGETED_DEVICE_FAMILY = "1,2";
			};
			name = Release;
		};
/* End XCBuildConfiguration section */

/* Begin XCConfigurationList section */
		36A8A73C2BA74029009D2807 /* Build configuration list for PBXProject "Student-Details-App" */ = {
			isa = XCConfigurationList;
			buildConfigurations = (
				36A8A7562BA7402B009D2807 /* Debug */,
				36A8A7572BA7402B009D2807 /* Release */,
			);
			defaultConfigurationIsVisible = 0;
			defaultConfigurationName = Release;
		};
		36A8A7582BA7402B009D2807 /* Build configuration list for PBXNativeTarget "Student-Details-App" */ = {
			isa = XCConfigurationList;
			buildConfigurations = (
				36A8A7592BA7402B009D2807 /* Debug */,
				36A8A75A2BA7402B009D2807 /* Release */,
			);
			defaultConfigurationIsVisible = 0;
			defaultConfigurationName = Release;
		};
/* End XCConfigurationList section */

/* Begin XCVersionGroup section */
		36A8A74D2BA74029009D2807 /* Student_Details_App.xcdatamodeld */ = {
			isa = XCVersionGroup;
			children = (
				36A8A74E2BA74029009D2807 /* Student_Details_App.xcdatamodel */,
			);
			currentVersion = 36A8A74E2BA74029009D2807 /* Student_Details_App.xcdatamodel */;
			path = Student_Details_App.xcdatamodeld;
			sourceTree = "<group>";
			versionGroupType = wrapper.xcdatamodel;
		};
/* End XCVersionGroup section */
	};
	rootObject = 36A8A7392BA74029009D2807 /* Project object */;
}
